
Microsoft Visual Studio Solution File, Format Version 12.00
# Visual Studio Version 17
VisualStudioVersion = 17.8.34408.163
MinimumVisualStudioVersion = 10.0.40219.1
Project("{FAE04EC0-301F-11D3-BF4B-00C04F79EFBC}") = "QLCH_BE", "QLCH_BE\QLCH_BE.csproj", "{806B22F9-CAFE-4071-9995-299322FBE9B9}"
EndProject
Global
	GlobalSection(SolutionConfigurationPlatforms) = preSolution
		Debug|Any CPU = Debug|Any CPU
		Release|Any CPU = Release|Any CPU
	EndGlobalSection
	GlobalSection(ProjectConfigurationPlatforms) = postSolution
		{806B22F9-CAFE-4071-9995-299322FBE9B9}.Debug|Any CPU.ActiveCfg = Debug|Any CPU
		{806B22F9-CAFE-4071-9995-299322FBE9B9}.Debug|Any CPU.Build.0 = Debug|Any CPU
		{806B22F9-CAFE-4071-9995-299322FBE9B9}.Release|Any CPU.ActiveCfg = Release|Any CPU
		{806B22F9-CAFE-4071-9995-299322FBE9B9}.Release|Any CPU.Build.0 = Release|Any CPU
	EndGlobalSection
	GlobalSection(SolutionProperties) = preSolution
		HideSolutionNode = FALSE
	EndGlobalSection
	GlobalSection(ExtensibilityGlobals) = postSolution
		SolutionGuid = {4A2B063E-9D55-407C-8A7A-828E1D62D652}
	EndGlobalSection
EndGlobal
